{
  "name": "quarkernel-benchmarks",
  "version": "1.0.0",
  "lockfileVersion": 3,
  "requires": true,
  "packages": {
    "": {
      "name": "quarkernel-benchmarks",
      "version": "1.0.0",
      "dependencies": {
        "@quazardous/quarkernel": "file:../packages/quarkernel",
        "emittery": "^1.0.3",
        "mitt": "^3.0.1",
        "tinybench": "^2.9.0"
      }
    },
    "../packages/quarkernel": {
      "name": "@quazardous/quarkernel",
      "version": "2.0.0-alpha",
      "license": "MIT",
      "devDependencies": {
        "tsup": "^8.0.0",
        "typescript": "^5.3.0",
        "vitest": "^1.0.0"
      },
      "engines": {
        "node": ">=18.0.0"
      }
    },
    "node_modules/@quazardous/quarkernel": {
      "resolved": "../packages/quarkernel",
      "link": true
    },
    "node_modules/emittery": {
      "version": "1.2.0",
      "resolved": "https://registry.npmjs.org/emittery/-/emittery-1.2.0.tgz",
      "integrity": "sha512-KxdRyyFcS85pH3dnU8Y5yFUm2YJdaHwcBZWrfG8o89ZY9a13/f9itbN+YG3ELbBo9Pg5zvIozstmuV8bX13q6g==",
      "license": "MIT",
      "engines": {
        "node": ">=14.16"
      },
      "funding": {
        "url": "https://github.com/sindresorhus/emittery?sponsor=1"
      }
    },
    "node_modules/mitt": {
      "version": "3.0.1",
      "resolved": "https://registry.npmjs.org/mitt/-/mitt-3.0.1.tgz",
      "integrity": "sha512-vKivATfr97l2/QBCYAkXYDbrIWPM2IIKEl7YPhjCvKlG3kE2gm+uBo6nEXK3M5/Ffh/FLpKExzOQ3JJoJGFKBw==",
      "license": "MIT"
    },
    "node_modules/tinybench": {
      "version": "2.9.0",
      "resolved": "https://registry.npmjs.org/tinybench/-/tinybench-2.9.0.tgz",
      "integrity": "sha512-0+DUvqWMValLmha6lr4kD8iAMK1HzV0/aKnCtWb9v9641TnP/MFb7Pc2bxoxQjTXAErryXVgUOfv2YqNllqGeg==",
      "license": "MIT"
    }
  }
}
